
Microsoft Visual Studio Solution File, Format Version 12.00
# Visual Studio 14
VisualStudioVersion = 14.0.25420.1
MinimumVisualStudioVersion = 10.0.40219.1
Project("{FAE04EC0-301F-11D3-BF4B-00C04F79EFBC}") = "CalculatorTest", "CalculatorTest\CalculatorTest.csproj", "{271E84B9-8298-4F39-8F08-F2C908783751}"
EndProject
Project("{FAE04EC0-301F-11D3-BF4B-00C04F79EFBC}") = "CalculatorUI", "CalculatorUI\CalculatorUI.csproj", "{94586D20-38B3-42E0-8398-9A1A6D1250A6}"
EndProject
Project("{FAE04EC0-301F-11D3-BF4B-00C04F79EFBC}") = "CalculatorDomain", "CalculatorDomain\CalculatorDomain.csproj", "{7CA91985-3AE0-4055-9ADA-81A85A7AC301}"
EndProject
Global
	GlobalSection(SolutionConfigurationPlatforms) = preSolution
		Debug|Any CPU = Debug|Any CPU
		Release|Any CPU = Release|Any CPU
	EndGlobalSection
	GlobalSection(ProjectConfigurationPlatforms) = postSolution
		{271E84B9-8298-4F39-8F08-F2C908783751}.Debug|Any CPU.ActiveCfg = Debug|Any CPU
		{271E84B9-8298-4F39-8F08-F2C908783751}.Debug|Any CPU.Build.0 = Debug|Any CPU
		{271E84B9-8298-4F39-8F08-F2C908783751}.Release|Any CPU.ActiveCfg = Release|Any CPU
		{271E84B9-8298-4F39-8F08-F2C908783751}.Release|Any CPU.Build.0 = Release|Any CPU
		{94586D20-38B3-42E0-8398-9A1A6D1250A6}.Debug|Any CPU.ActiveCfg = Debug|Any CPU
		{94586D20-38B3-42E0-8398-9A1A6D1250A6}.Debug|Any CPU.Build.0 = Debug|Any CPU
		{94586D20-38B3-42E0-8398-9A1A6D1250A6}.Release|Any CPU.ActiveCfg = Release|Any CPU
		{94586D20-38B3-42E0-8398-9A1A6D1250A6}.Release|Any CPU.Build.0 = Release|Any CPU
		{7CA91985-3AE0-4055-9ADA-81A85A7AC301}.Debug|Any CPU.ActiveCfg = Debug|Any CPU
		{7CA91985-3AE0-4055-9ADA-81A85A7AC301}.Debug|Any CPU.Build.0 = Debug|Any CPU
		{7CA91985-3AE0-4055-9ADA-81A85A7AC301}.Release|Any CPU.ActiveCfg = Release|Any CPU
		{7CA91985-3AE0-4055-9ADA-81A85A7AC301}.Release|Any CPU.Build.0 = Release|Any CPU
	EndGlobalSection
	GlobalSection(SolutionProperties) = preSolution
		HideSolutionNode = FALSE
	EndGlobalSection
EndGlobal
