
Microsoft Visual Studio Solution File, Format Version 12.00
# Visual Studio 14
VisualStudioVersion = 14.0.25420.1
MinimumVisualStudioVersion = 10.0.40219.1
Project("{FAE04EC0-301F-11D3-BF4B-00C04F79EFBC}") = "CalculatorTest", "CalculatorTest\CalculatorTest.csproj", "{D00EFC76-37FF-4143-A34C-5717F0E936E5}"
EndProject
Project("{FAE04EC0-301F-11D3-BF4B-00C04F79EFBC}") = "CalculatorUI", "..\CalculatorUI\CalculatorUI.csproj", "{226D0133-3DCB-4FDF-A0C3-4199CAD7C968}"
EndProject
Project("{8BB2217D-0F2D-49D1-97BC-3654ED321F3B}") = "CalculatorDomain", "..\CalculatorDomain\CalculatorDomain.xproj", "{2A3A0554-C522-4DE7-85E5-B91175638394}"
EndProject
Global
	GlobalSection(SolutionConfigurationPlatforms) = preSolution
		Debug|Any CPU = Debug|Any CPU
		Release|Any CPU = Release|Any CPU
	EndGlobalSection
	GlobalSection(ProjectConfigurationPlatforms) = postSolution
		{D00EFC76-37FF-4143-A34C-5717F0E936E5}.Debug|Any CPU.ActiveCfg = Debug|Any CPU
		{D00EFC76-37FF-4143-A34C-5717F0E936E5}.Debug|Any CPU.Build.0 = Debug|Any CPU
		{D00EFC76-37FF-4143-A34C-5717F0E936E5}.Release|Any CPU.ActiveCfg = Release|Any CPU
		{D00EFC76-37FF-4143-A34C-5717F0E936E5}.Release|Any CPU.Build.0 = Release|Any CPU
		{226D0133-3DCB-4FDF-A0C3-4199CAD7C968}.Debug|Any CPU.ActiveCfg = Debug|Any CPU
		{226D0133-3DCB-4FDF-A0C3-4199CAD7C968}.Debug|Any CPU.Build.0 = Debug|Any CPU
		{226D0133-3DCB-4FDF-A0C3-4199CAD7C968}.Release|Any CPU.ActiveCfg = Release|Any CPU
		{226D0133-3DCB-4FDF-A0C3-4199CAD7C968}.Release|Any CPU.Build.0 = Release|Any CPU
		{2A3A0554-C522-4DE7-85E5-B91175638394}.Debug|Any CPU.ActiveCfg = Debug|Any CPU
		{2A3A0554-C522-4DE7-85E5-B91175638394}.Debug|Any CPU.Build.0 = Debug|Any CPU
		{2A3A0554-C522-4DE7-85E5-B91175638394}.Release|Any CPU.ActiveCfg = Release|Any CPU
		{2A3A0554-C522-4DE7-85E5-B91175638394}.Release|Any CPU.Build.0 = Release|Any CPU
	EndGlobalSection
	GlobalSection(SolutionProperties) = preSolution
		HideSolutionNode = FALSE
	EndGlobalSection
EndGlobal
